PODS:
  - CKKit (0.0.1):
    - Masonry
  - Masonry (1.1.0)

DEPENDENCIES:
  - CKKit (from `../`)

SPEC REPOS:
  trunk:
    - Masonry

EXTERNAL SOURCES:
  CKKit:
    :path: "../"

SPEC CHECKSUMS:
  CKKit: e7b7dd53c5ca4c8b53eff75196ad56c03e726bde
  Masonry: 678fab65091a9290e40e2832a55e7ab731aad201

PODFILE CHECKSUM: 87dc28154649c8b4ebe2b2b6d9782bf87b146532

COCOAPODS: 1.8.4
