PODS:
  - CKKit (0.0.7):
    - Masonry
  - Masonry (1.1.0)

DEPENDENCIES:
  - CKKit (from `../`)

SPEC REPOS:
  trunk:
    - Masonry

EXTERNAL SOURCES:
  CKKit:
    :path: "../"

SPEC CHECKSUMS:
  CKKit: 6d1cae792e908d6bc5b2d75ea7512ec87d70f521
  Masonry: 678fab65091a9290e40e2832a55e7ab731aad201

PODFILE CHECKSUM: 87dc28154649c8b4ebe2b2b6d9782bf87b146532

COCOAPODS: 1.9.2
